
Microsoft Visual Studio Solution File, Format Version 12.00
# Visual Studio Version 16
VisualStudioVersion = 16.0.31515.178
MinimumVisualStudioVersion = 10.0.40219.1
Project("{FAE04EC0-301F-11D3-BF4B-00C04F79EFBC}") = "API_Test", "API_Test\API_Test.csproj", "{5A9B5E03-A741-4389-A2EC-49AB201D2E76}"
EndProject
Global
	GlobalSection(SolutionConfigurationPlatforms) = preSolution
		Debug|Any CPU = Debug|Any CPU
		Release|Any CPU = Release|Any CPU
	EndGlobalSection
	GlobalSection(ProjectConfigurationPlatforms) = postSolution
		{5A9B5E03-A741-4389-A2EC-49AB201D2E76}.Debug|Any CPU.ActiveCfg = Debug|Any CPU
		{5A9B5E03-A741-4389-A2EC-49AB201D2E76}.Debug|Any CPU.Build.0 = Debug|Any CPU
		{5A9B5E03-A741-4389-A2EC-49AB201D2E76}.Release|Any CPU.ActiveCfg = Release|Any CPU
		{5A9B5E03-A741-4389-A2EC-49AB201D2E76}.Release|Any CPU.Build.0 = Release|Any CPU
	EndGlobalSection
	GlobalSection(SolutionProperties) = preSolution
		HideSolutionNode = FALSE
	EndGlobalSection
	GlobalSection(ExtensibilityGlobals) = postSolution
		SolutionGuid = {906FC86E-3007-463D-AE9F-CFCE111E19EA}
	EndGlobalSection
EndGlobal
